
Microsoft Visual Studio Solution File, Format Version 12.00
# Visual Studio Version 17
VisualStudioVersion = 17.5.33502.453
MinimumVisualStudioVersion = 10.0.40219.1
Project("{2150E333-8FDC-42A3-9474-1A3956D46DE8}") = "Internal", "Internal", "{1E908971-9855-42F0-AF8F-12CF500C64D4}"
	ProjectSection(SolutionItems) = preProject
		Internal\.editorconfig = Internal\.editorconfig
	EndProjectSection
EndProject
Project("{2150E333-8FDC-42A3-9474-1A3956D46DE8}") = "Scripts", "Scripts", "{6E11E8BA-B841-4109-A435-E7C39AF2F822}"
EndProject
Project("{2150E333-8FDC-42A3-9474-1A3956D46DE8}") = "Dlls", "Dlls", "{2CB8E4CA-0FA7-4320-B5F2-A8265556BEAA}"
	ProjectSection(SolutionItems) = preProject
		Dlls\ABOUT.md = Dlls\ABOUT.md
	EndProjectSection
EndProject
Project("{2150E333-8FDC-42A3-9474-1A3956D46DE8}") = "CompanionFiles", "CompanionFiles", "{B3B3C784-C88F-4DCE-B687-6D028D086AE7}"
EndProject
Project("{2150E333-8FDC-42A3-9474-1A3956D46DE8}") = "Skyline DataMiner", "Skyline DataMiner", "{38C60804-DB1F-4352-A04D-4F902221FE35}"
	ProjectSection(SolutionItems) = preProject
		CompanionFiles\Skyline DataMiner\AboutThisFolder.md = CompanionFiles\Skyline DataMiner\AboutThisFolder.md
	EndProjectSection
EndProject
Project("{2150E333-8FDC-42A3-9474-1A3956D46DE8}") = "Documentation", "Documentation", "{758CA57B-3366-4777-BFE5-2847742E39AA}"
	ProjectSection(SolutionItems) = preProject
		Documentation\ABOUT.md = Documentation\ABOUT.md
		README.md = README.md
	EndProjectSection
EndProject
Project("{2150E333-8FDC-42A3-9474-1A3956D46DE8}") = "Tests", "Tests", "{F8938D60-51A0-4880-9CFC-19C66379BB5D}"
EndProject
Project("{2150E333-8FDC-42A3-9474-1A3956D46DE8}") = "Code Analysis", "Code Analysis", "{EBFCA451-EEE8-48A7-8FF4-BFC2918C3D23}"
	ProjectSection(SolutionItems) = preProject
		Internal\Code Analysis\qaction-debug.ruleset = Internal\Code Analysis\qaction-debug.ruleset
		Internal\Code Analysis\qaction-release.ruleset = Internal\Code Analysis\qaction-release.ruleset
		Internal\Code Analysis\stylecop.json = Internal\Code Analysis\stylecop.json
	EndProjectSection
EndProject
Project("{2150E333-8FDC-42A3-9474-1A3956D46DE8}") = "SLC-AS-JSTTestScript", "SLC-AS-JSTTestScript", "{ED51A1FC-878E-40AD-8878-4667C5EF77F7}"
	ProjectSection(SolutionItems) = preProject
		SLC-AS-JSTTestScript.xml = SLC-AS-JSTTestScript.xml
	EndProjectSection
EndProject
Project("{2150E333-8FDC-42A3-9474-1A3956D46DE8}") = "Actions", "Actions", "{8300D3E4-D67F-43BD-AC53-0EA31C557A88}"
EndProject
Project("{9A19103F-16F7-4668-BE54-9A1E7A4F7556}") = "SLC-AS-JSTTestScript_1", "SLC-AS-JSTTestScript_1\SLC-AS-JSTTestScript_1.csproj", "{05880E44-6058-4E85-9F5A-B0ABDC3F02B5}"
EndProject
Global
	GlobalSection(SolutionConfigurationPlatforms) = preSolution
		Debug|Any CPU = Debug|Any CPU
		Release|Any CPU = Release|Any CPU
	EndGlobalSection
	GlobalSection(ProjectConfigurationPlatforms) = postSolution
		{05880E44-6058-4E85-9F5A-B0ABDC3F02B5}.Debug|Any CPU.ActiveCfg = Debug|Any CPU
		{05880E44-6058-4E85-9F5A-B0ABDC3F02B5}.Debug|Any CPU.Build.0 = Debug|Any CPU
		{05880E44-6058-4E85-9F5A-B0ABDC3F02B5}.Release|Any CPU.ActiveCfg = Release|Any CPU
		{05880E44-6058-4E85-9F5A-B0ABDC3F02B5}.Release|Any CPU.Build.0 = Release|Any CPU
	EndGlobalSection
	GlobalSection(SolutionProperties) = preSolution
		HideSolutionNode = FALSE
	EndGlobalSection
	GlobalSection(NestedProjects) = preSolution
		{38C60804-DB1F-4352-A04D-4F902221FE35} = {B3B3C784-C88F-4DCE-B687-6D028D086AE7}
		{EBFCA451-EEE8-48A7-8FF4-BFC2918C3D23} = {1E908971-9855-42F0-AF8F-12CF500C64D4}
		{ED51A1FC-878E-40AD-8878-4667C5EF77F7} = {6E11E8BA-B841-4109-A435-E7C39AF2F822}
		{8300D3E4-D67F-43BD-AC53-0EA31C557A88} = {ED51A1FC-878E-40AD-8878-4667C5EF77F7}
		{05880E44-6058-4E85-9F5A-B0ABDC3F02B5} = {8300D3E4-D67F-43BD-AC53-0EA31C557A88}
	EndGlobalSection
	GlobalSection(ExtensibilityGlobals) = postSolution
		SolutionGuid = {53CAAB1F-6018-49AF-AB01-9A66763C8DC0}
	EndGlobalSection
EndGlobal
